// !$*UTF8*$!
{
	archiveVersion = 1;
	classes = {
	};
	objectVersion = 50;
	objects = {

/* Begin PBXBuildFile section */
		06CC7C2B21EF1CDF000328BC /* AppDelegate.m in Sources */ = {isa = PBXBuildFile; fileRef = 06CC7C2A21EF1CDF000328BC /* AppDelegate.m */; };
		06CC7C2E21EF1CDF000328BC /* ViewController.m in Sources */ = {isa = PBXBuildFile; fileRef = 06CC7C2D21EF1CDF000328BC /* ViewController.m */; };
		06CC7C3121EF1CDF000328BC /* Main.storyboard in Resources */ = {isa = PBXBuildFile; fileRef = 06CC7C2F21EF1CDF000328BC /* Main.storyboard */; };
		06CC7C3321EF1CE0000328BC /* Assets.xcassets in Resources */ = {isa = PBXBuildFile; fileRef = 06CC7C3221EF1CE0000328BC /* Assets.xcassets */; };
		06CC7C3621EF1CE0000328BC /* LaunchScreen.storyboard in Resources */ = {isa = PBXBuildFile; fileRef = 06CC7C3421EF1CE0000328BC /* LaunchScreen.storyboard */; };
		06CC7C3921EF1CE0000328BC /* main.m in Sources */ = {isa = PBXBuildFile; fileRef = 06CC7C3821EF1CE0000328BC /* main.m */; };
/* End PBXBuildFile section */

/* Begin PBXFileReference section */
		06CC7C2621EF1CDF000328BC /* QiAuthorizationManager.app */ = {isa = PBXFileReference; explicitFileType = wrapper.application; includeInIndex = 0; path = QiAuthorizationManager.app; sourceTree = BUILT_PRODUCTS_DIR; };
		06CC7C2921EF1CDF000328BC /* AppDelegate.h */ = {isa = PBXFileReference; lastKnownFileType = sourcecode.c.h; path = AppDelegate.h; sourceTree = "<group>"; };
		06CC7C2A21EF1CDF000328BC /* AppDelegate.m */ = {isa = PBXFileReference; lastKnownFileType = sourcecode.c.objc; path = AppDelegate.m; sourceTree = "<group>"; };
		06CC7C2C21EF1CDF000328BC /* ViewController.h */ = {isa = PBXFileReference; lastKnownFileType = sourcecode.c.h; path = ViewController.h; sourceTree = "<group>"; };
		06CC7C2D21EF1CDF000328BC /* ViewController.m */ = {isa = PBXFileReference; lastKnownFileType = sourcecode.c.objc; path = ViewController.m; sourceTree = "<group>"; };
		06CC7C3021EF1CDF000328BC /* Base */ = {isa = PBXFileReference; lastKnownFileType = file.storyboard; name = Base; path = Base.lproj/Main.storyboard; sourceTree = "<group>"; };
		06CC7C3221EF1CE0000328BC /* Assets.xcassets */ = {isa = PBXFileReference; lastKnownFileType = folder.assetcatalog; path = Assets.xcassets; sourceTree = "<group>"; };
		06CC7C3521EF1CE0000328BC /* Base */ = {isa = PBXFileReference; lastKnownFileType = file.storyboard; name = Base; path = Base.lproj/LaunchScreen.storyboard; sourceTree = "<group>"; };
		06CC7C3721EF1CE0000328BC /* Info.plist */ = {isa = PBXFileReference; lastKnownFileType = text.plist.xml; path = Info.plist; sourceTree = "<group>"; };
		06CC7C3821EF1CE0000328BC /* main.m */ = {isa = PBXFileReference; lastKnownFileType = sourcecode.c.objc; path = main.m; sourceTree = "<group>"; };
/* End PBXFileReference section */

/* Begin PBXFrameworksBuildPhase section */
		06CC7C2321EF1CDF000328BC /* Frameworks */ = {
			isa = PBXFrameworksBuildPhase;
			buildActionMask = 2147483647;
			files = (
			);
			runOnlyForDeploymentPostprocessing = 0;
		};
/* End PBXFrameworksBuildPhase section */

/* Begin PBXGroup section */
		06CC7C1D21EF1CDF000328BC = {
			isa = PBXGroup;
			children = (
				06CC7C2821EF1CDF000328BC /* QiAuthorizationManager */,
				06CC7C2721EF1CDF000328BC /* Products */,
			);
			sourceTree = "<group>";
		};
		06CC7C2721EF1CDF000328BC /* Products */ = {
			isa = PBXGroup;
			children = (
				06CC7C2621EF1CDF000328BC /* QiAuthorizationManager.app */,
			);
			name = Products;
			sourceTree = "<group>";
		};
		06CC7C2821EF1CDF000328BC /* QiAuthorizationManager */ = {
			isa = PBXGroup;
			children = (
				06CC7C2921EF1CDF000328BC /* AppDelegate.h */,
				06CC7C2A21EF1CDF000328BC /* AppDelegate.m */,
				06CC7C2C21EF1CDF000328BC /* ViewController.h */,
				06CC7C2D21EF1CDF000328BC /* ViewController.m */,
				06CC7C2F21EF1CDF000328BC /* Main.storyboard */,
				06CC7C3221EF1CE0000328BC /* Assets.xcassets */,
				06CC7C3421EF1CE0000328BC /* LaunchScreen.storyboard */,
				06CC7C3721EF1CE0000328BC /* Info.plist */,
				06CC7C3821EF1CE0000328BC /* main.m */,
			);
			path = QiAuthorizationManager;
			sourceTree = "<group>";
		};
/* End PBXGroup section */

/* Begin PBXNativeTarget section */
		06CC7C2521EF1CDF000328BC /* QiAuthorizationManager */ = {
			isa = PBXNativeTarget;
			buildConfigurationList = 06CC7C3C21EF1CE0000328BC /* Build configuration list for PBXNativeTarget "QiAuthorizationManager" */;
			buildPhases = (
				06CC7C2221EF1CDF000328BC /* Sources */,
				06CC7C2321EF1CDF000328BC /* Frameworks */,
				06CC7C2421EF1CDF000328BC /* Resources */,
			);
			buildRules = (
			);
			dependencies = (
			);
			name = QiAuthorizationManager;
			productName = QiAuthorizationManager;
			productReference = 06CC7C2621EF1CDF000328BC /* QiAuthorizationManager.app */;
			productType = "com.apple.product-type.application";
		};
/* End PBXNativeTarget section */

/* Begin PBXProject section */
		06CC7C1E21EF1CDF000328BC /* Project object */ = {
			isa = PBXProject;
			attributes = {
				LastUpgradeCheck = 1010;
				ORGANIZATIONNAME = QiShare;
				TargetAttributes = {
					06CC7C2521EF1CDF000328BC = {
						CreatedOnToolsVersion = 10.1;
					};
				};
			};
			buildConfigurationList = 06CC7C2121EF1CDF000328BC /* Build configuration list for PBXProject "QiAuthorizationManager" */;
			compatibilityVersion = "Xcode 9.3";
			developmentRegion = en;
			hasScannedForEncodings = 0;
			knownRegions = (
				en,
				Base,
			);
			mainGroup = 06CC7C1D21EF1CDF000328BC;
			productRefGroup = 06CC7C2721EF1CDF000328BC /* Products */;
			projectDirPath = "";
			projectRoot = "";
			targets = (
				06CC7C2521EF1CDF000328BC /* QiAuthorizationManager */,
			);
		};
/* End PBXProject section */

/* Begin PBXResourcesBuildPhase section */
		06CC7C2421EF1CDF000328BC /* Resources */ = {
			isa = PBXResourcesBuildPhase;
			buildActionMask = 2147483647;
			files = (
				06CC7C3621EF1CE0000328BC /* LaunchScreen.storyboard in Resources */,
				06CC7C3321EF1CE0000328BC /* Assets.xcassets in Resources */,
				06CC7C3121EF1CDF000328BC /* Main.storyboard in Resources */,
			);
			runOnlyForDeploymentPostprocessing = 0;
		};
/* End PBXResourcesBuildPhase section */

/* Begin PBXSourcesBuildPhase section */
		06CC7C2221EF1CDF000328BC /* Sources */ = {
			isa = PBXSourcesBuildPhase;
			buildActionMask = 2147483647;
			files = (
				06CC7C2E21EF1CDF000328BC /* ViewController.m in Sources */,
				06CC7C3921EF1CE0000328BC /* main.m in Sources */,
				06CC7C2B21EF1CDF000328BC /* AppDelegate.m in Sources */,
			);
			runOnlyForDeploymentPostprocessing = 0;
		};
/* End PBXSourcesBuildPhase section */

/* Begin PBXVariantGroup section */
		06CC7C2F21EF1CDF000328BC /* Main.storyboard */ = {
			isa = PBXVariantGroup;
			children = (
				06CC7C3021EF1CDF000328BC /* Base */,
			);
			name = Main.storyboard;
			sourceTree = "<group>";
		};
		06CC7C3421EF1CE0000328BC /* LaunchScreen.storyboard */ = {
			isa = PBXVariantGroup;
			children = (
				06CC7C3521EF1CE0000328BC /* Base */,
			);
			name = LaunchScreen.storyboard;
			sourceTree = "<group>";
		};
/* End PBXVariantGroup section */

/* Begin XCBuildConfiguration section */
		06CC7C3A21EF1CE0000328BC /* Debug */ = {
			isa = XCBuildConfiguration;
			buildSettings = {
				ALWAYS_SEARCH_USER_PATHS = NO;
				CLANG_ANALYZER_NONNULL = YES;
				CLANG_ANALYZER_NUMBER_OBJECT_CONVERSION = YES_AGGRESSIVE;
				CLANG_CXX_LANGUAGE_STANDARD = "gnu++14";
				CLANG_CXX_LIBRARY = "libc++";
				CLANG_ENABLE_MODULES = YES;
				CLANG_ENABLE_OBJC_ARC = YES;
				CLANG_ENABLE_OBJC_WEAK = YES;
				CLANG_WARN_BLOCK_CAPTURE_AUTORELEASING = YES;
				CLANG_WARN_BOOL_CONVERSION = YES;
				CLANG_WARN_COMMA = YES;
				CLANG_WARN_CONSTANT_CONVERSION = YES;
				CLANG_WARN_DEPRECATED_OBJC_IMPLEMENTATIONS = YES;
				CLANG_WARN_DIRECT_OBJC_ISA_USAGE = YES_ERROR;
				CLANG_WARN_DOCUMENTATION_COMMENTS = YES;
				CLANG_WARN_EMPTY_BODY = YES;
				CLANG_WARN_ENUM_CONVERSION = YES;
				CLANG_WARN_INFINITE_RECURSION = YES;
				CLANG_WARN_INT_CONVERSION = YES;
				CLANG_WARN_NON_LITERAL_NULL_CONVERSION = YES;
				CLANG_WARN_OBJC_IMPLICIT_RETAIN_SELF = YES;
				CLANG_WARN_OBJC_LITERAL_CONVERSION = YES;
				CLANG_WARN_OBJC_ROOT_CLASS = YES_ERROR;
				CLANG_WARN_RANGE_LOOP_ANALYSIS = YES;
				CLANG_WARN_STRICT_PROTOTYPES = YES;
				CLANG_WARN_SUSPICIOUS_MOVE = YES;
				CLANG_WARN_UNGUARDED_AVAILABILITY = YES_AGGRESSIVE;
				CLANG_WARN_UNREACHABLE_CODE = YES;
				CLANG_WARN__DUPLICATE_METHOD_MATCH = YES;
				CODE_SIGN_IDENTITY = "iPhone Developer";
				COPY_PHASE_STRIP = NO;
				DEBUG_INFORMATION_FORMAT = dwarf;
				ENABLE_STRICT_OBJC_MSGSEND = YES;
				ENABLE_TESTABILITY = YES;
				GCC_C_LANGUAGE_STANDARD = gnu11;
				GCC_DYNAMIC_NO_PIC = NO;
				GCC_NO_COMMON_BLOCKS = YES;
				GCC_OPTIMIZATION_LEVEL = 0;
				GCC_PREPROCESSOR_DEFINITIONS = (
					"DEBUG=1",
					"$(inherited)",
				);
				GCC_WARN_64_TO_32_BIT_CONVERSION = YES;
				GCC_WARN_ABOUT_RETURN_TYPE = YES_ERROR;
				GCC_WARN_UNDECLARED_SELECTOR = YES;
				GCC_WARN_UNINITIALIZED_AUTOS = YES_AGGRESSIVE;
				GCC_WARN_UNUSED_FUNCTION = YES;
				GCC_WARN_UNUSED_VARIABLE = YES;
				IPHONEOS_DEPLOYMENT_TARGET = 12.1;
				MTL_ENABLE_DEBUG_INFO = INCLUDE_SOURCE;
				MTL_FAST_MATH = YES;
				ONLY_ACTIVE_ARCH = YES;
				SDKROOT = iphoneos;
			};
			name = Debug;
		};
		06CC7C3B21EF1CE0000328BC /* Release */ = {
			isa = XCBuildConfiguration;
			buildSettings = {
				ALWAYS_SEARCH_USER_PATHS = NO;
				CLANG_ANALYZER_NONNULL = YES;
				CLANG_ANALYZER_NUMBER_OBJECT_CONVERSION = YES_AGGRESSIVE;
				CLANG_CXX_LANGUAGE_STANDARD = "gnu++14";
				CLANG_CXX_LIBRARY = "libc++";
				CLANG_ENABLE_MODULES = YES;
				CLANG_ENABLE_OBJC_ARC = YES;
				CLANG_ENABLE_OBJC_WEAK = YES;
				CLANG_WARN_BLOCK_CAPTURE_AUTORELEASING = YES;
				CLANG_WARN_BOOL_CONVERSION = YES;
				CLANG_WARN_COMMA = YES;
				CLANG_WARN_CONSTANT_CONVERSION = YES;
				CLANG_WARN_DEPRECATED_OBJC_IMPLEMENTATIONS = YES;
				CLANG_WARN_DIRECT_OBJC_ISA_USAGE = YES_ERROR;
				CLANG_WARN_DOCUMENTATION_COMMENTS = YES;
				CLANG_WARN_EMPTY_BODY = YES;
				CLANG_WARN_ENUM_CONVERSION = YES;
				CLANG_WARN_INFINITE_RECURSION = YES;
				CLANG_WARN_INT_CONVERSION = YES;
				CLANG_WARN_NON_LITERAL_NULL_CONVERSION = YES;
				CLANG_WARN_OBJC_IMPLICIT_RETAIN_SELF = YES;
				CLANG_WARN_OBJC_LITERAL_CONVERSION = YES;
				CLANG_WARN_OBJC_ROOT_CLASS = YES_ERROR;
				CLANG_WARN_RANGE_LOOP_ANALYSIS = YES;
				CLANG_WARN_STRICT_PROTOTYPES = YES;
				CLANG_WARN_SUSPICIOUS_MOVE = YES;
				CLANG_WARN_UNGUARDED_AVAILABILITY = YES_AGGRESSIVE;
				CLANG_WARN_UNREACHABLE_CODE = YES;
				CLANG_WARN__DUPLICATE_METHOD_MATCH = YES;
				CODE_SIGN_IDENTITY = "iPhone Developer";
				COPY_PHASE_STRIP = NO;
				DEBUG_INFORMATION_FORMAT = "dwarf-with-dsym";
				ENABLE_NS_ASSERTIONS = NO;
				ENABLE_STRICT_OBJC_MSGSEND = YES;
				GCC_C_LANGUAGE_STANDARD = gnu11;
				GCC_NO_COMMON_BLOCKS = YES;
				GCC_WARN_64_TO_32_BIT_CONVERSION = YES;
				GCC_WARN_ABOUT_RETURN_TYPE = YES_ERROR;
				GCC_WARN_UNDECLARED_SELECTOR = YES;
				GCC_WARN_UNINITIALIZED_AUTOS = YES_AGGRESSIVE;
				GCC_WARN_UNUSED_FUNCTION = YES;
				GCC_WARN_UNUSED_VARIABLE = YES;
				IPHONEOS_DEPLOYMENT_TARGET = 12.1;
				MTL_ENABLE_DEBUG_INFO = NO;
				MTL_FAST_MATH = YES;
				SDKROOT = iphoneos;
				VALIDATE_PRODUCT = YES;
			};
			name = Release;
		};
		06CC7C3D21EF1CE0000328BC /* Debug */ = {
			isa = XCBuildConfiguration;
			buildSettings = {
				ASSETCATALOG_COMPILER_APPICON_NAME = AppIcon;
				CODE_SIGN_STYLE = Automatic;
				DEVELOPMENT_TEAM = 8ZX24TX624;
				INFOPLIST_FILE = QiAuthorizationManager/Info.plist;
				LD_RUNPATH_SEARCH_PATHS = (
					"$(inherited)",
					"@executable_path/Frameworks",
				);
				PRODUCT_BUNDLE_IDENTIFIER = com.qishare.ios.hxs;
				PRODUCT_NAME = "$(TARGET_NAME)";
				TARGETED_DEVICE_FAMILY = "1,2";
			};
			name = Debug;
		};
		06CC7C3E21EF1CE0000328BC /* Release */ = {
			isa = XCBuildConfiguration;
			buildSettings = {
				ASSETCATALOG_COMPILER_APPICON_NAME = AppIcon;
				CODE_SIGN_STYLE = Automatic;
				DEVELOPMENT_TEAM = 8ZX24TX624;
				INFOPLIST_FILE = QiAuthorizationManager/Info.plist;
				LD_RUNPATH_SEARCH_PATHS = (
					"$(inherited)",
					"@executable_path/Frameworks",
				);
				PRODUCT_BUNDLE_IDENTIFIER = com.qishare.ios.hxs;
				PRODUCT_NAME = "$(TARGET_NAME)";
				TARGETED_DEVICE_FAMILY = "1,2";
			};
			name = Release;
		};
/* End XCBuildConfiguration section */

/* Begin XCConfigurationList section */
		06CC7C2121EF1CDF000328BC /* Build configuration list for PBXProject "QiAuthorizationManager" */ = {
			isa = XCConfigurationList;
			buildConfigurations = (
				06CC7C3A21EF1CE0000328BC /* Debug */,
				06CC7C3B21EF1CE0000328BC /* Release */,
			);
			defaultConfigurationIsVisible = 0;
			defaultConfigurationName = Release;
		};
		06CC7C3C21EF1CE0000328BC /* Build configuration list for PBXNativeTarget "QiAuthorizationManager" */ = {
			isa = XCConfigurationList;
			buildConfigurations = (
				06CC7C3D21EF1CE0000328BC /* Debug */,
				06CC7C3E21EF1CE0000328BC /* Release */,
			);
			defaultConfigurationIsVisible = 0;
			defaultConfigurationName = Release;
		};
/* End XCConfigurationList section */
	};
	rootObject = 06CC7C1E21EF1CDF000328BC /* Project object */;
}
